
Microsoft Visual Studio Solution File, Format Version 12.00
# Visual Studio Version 16
VisualStudioVersion = 16.0.31613.86
MinimumVisualStudioVersion = 10.0.40219.1
Project("{FAE04EC0-301F-11D3-BF4B-00C04F79EFBC}") = "WebApplication7", "WebApplication7.csproj", "{DCBE9D91-1DA0-47E0-BDBA-E49D5DD48C19}"
EndProject
Global
	GlobalSection(SolutionConfigurationPlatforms) = preSolution
		Debug|Any CPU = Debug|Any CPU
		Release|Any CPU = Release|Any CPU
	EndGlobalSection
	GlobalSection(ProjectConfigurationPlatforms) = postSolution
		{DCBE9D91-1DA0-47E0-BDBA-E49D5DD48C19}.Debug|Any CPU.ActiveCfg = Debug|Any CPU
		{DCBE9D91-1DA0-47E0-BDBA-E49D5DD48C19}.Debug|Any CPU.Build.0 = Debug|Any CPU
		{DCBE9D91-1DA0-47E0-BDBA-E49D5DD48C19}.Release|Any CPU.ActiveCfg = Release|Any CPU
		{DCBE9D91-1DA0-47E0-BDBA-E49D5DD48C19}.Release|Any CPU.Build.0 = Release|Any CPU
	EndGlobalSection
	GlobalSection(SolutionProperties) = preSolution
		HideSolutionNode = FALSE
	EndGlobalSection
	GlobalSection(ExtensibilityGlobals) = postSolution
		SolutionGuid = {A5C1B319-E66C-4C9A-83C8-708561747F8C}
	EndGlobalSection
EndGlobal
